{
  "name": "openapi-steering-shaft",
  "lockfileVersion": 3,
  "requires": true,
  "packages": {
    "": {
      "name": "openapi-steering-shaft",
      "dependencies": {
        "@hono/node-server": "^1.13.5",
        "hono": "^4.6.9",
        "iron-webcrypto": "^1.2.1"
      },
      "devDependencies": {
        "@types/node": "^20.11.17",
        "tsx": "^4.7.1"
      }
    },
    "node_modules/@auth/core": {
      "version": "0.37.3",
      "resolved": "https://registry.npmjs.org/@auth/core/-/core-0.37.3.tgz",
      "integrity": "sha512-qcffDLwxB9iUYH8GHq68w/KU8jtjAbjjk9xnpoKhjX3+QcntaQ2MKVSkTTocmA6ElpL5vK2xR9CXfQ98dvGnyg==",
      "dependencies": {
        "@panva/hkdf": "^1.2.1",
        "cookie": "1.0.1",
        "jose": "^5.9.6",
        "oauth4webapi": "^3.1.1",
        "preact": "10.24.3",
        "preact-render-to-string": "6.5.11"
      },
      "peerDependencies": {
        "@simplewebauthn/browser": "^9.0.1",
        "@simplewebauthn/server": "^9.0.2",
        "nodemailer": "^6.8.0"
      },
      "peerDependenciesMeta": {
        "@simplewebauthn/browser": {
          "optional": true
        },
        "@simplewebauthn/server": {
          "optional": true
        },
        "nodemailer": {
          "optional": true
        }
      }
    },
    "node_modules/@auth/core/node_modules/oauth4webapi": {
      "version": "3.1.2",
      "resolved": "https://registry.npmjs.org/oauth4webapi/-/oauth4webapi-3.1.2.tgz",
      "integrity": "sha512-KQZkNU+xn02lWrFu5Vjqg9E81yPtDSxUZorRHlLWVoojD+H/0GFbH59kcnz5Thdjj7c4/mYMBPj/mhvGe/kKXA==",
      "funding": {
        "url": "https://github.com/sponsors/panva"
      }
    },
    "node_modules/@esbuild/darwin-arm64": {
      "version": "0.23.1",
      "resolved": "https://registry.npmjs.org/@esbuild/darwin-arm64/-/darwin-arm64-0.23.1.tgz",
      "integrity": "sha512-YsS2e3Wtgnw7Wq53XXBLcV6JhRsEq8hkfg91ESVadIrzr9wO6jJDMZnCQbHm1Guc5t/CdDiFSSfWP58FNuvT3Q==",
      "cpu": [
        "arm64"
      ],
      "dev": true,
      "optional": true,
      "os": [
        "darwin"
      ],
      "engines": {
        "node": ">=18"
      }
    },
    "node_modules/@hono/auth-js": {
      "version": "1.0.15",
      "resolved": "https://registry.npmjs.org/@hono/auth-js/-/auth-js-1.0.15.tgz",
      "integrity": "sha512-nuTP9zZBjJnHTCybQhC3cbTgboElhnlSuPFFogRcDUs9uqBd1mC2EM2jFlaErqim3laU325jP4j2tRCqiZnRHQ==",
      "engines": {
        "node": ">=18.4.0"
      },
      "peerDependencies": {
        "@auth/core": "0.*",
        "hono": ">=3.*",
        "react": "^18 || ^19 || ^19.0.0-rc"
      }
    },
    "node_modules/@hono/node-server": {
      "version": "1.13.5",
      "resolved": "https://registry.npmjs.org/@hono/node-server/-/node-server-1.13.5.tgz",
      "integrity": "sha512-lSo+CFlLqAFB4fX7ePqI9nauEn64wOfJHAfc9duYFTvAG3o416pC0nTGeNjuLHchLedH+XyWda5v79CVx1PIjg==",
      "engines": {
        "node": ">=18.14.1"
      },
      "peerDependencies": {
        "hono": "^4"
      }
    },
    "node_modules/@hono/oauth-providers": {
      "version": "0.6.2",
      "resolved": "https://registry.npmjs.org/@hono/oauth-providers/-/oauth-providers-0.6.2.tgz",
      "integrity": "sha512-Uo2Lf+GnaPGebkC4GUQMRD9spIKonav/gWwSapEJhCKQjq1WVxTLIlCykNRhJtcizPCPc6OAV3A9RAYk0kX9XQ==",
      "engines": {
        "node": ">=18.4.0"
      },
      "peerDependencies": {
        "hono": ">=3.*"
      }
    },
    "node_modules/@hono/oidc-auth": {
      "version": "1.2.0",
      "resolved": "https://registry.npmjs.org/@hono/oidc-auth/-/oidc-auth-1.2.0.tgz",
      "integrity": "sha512-H/6LU86o7hJW5c/m9apxk0+U1JMlGR08AOZ45rlp1q7Pj+4f1mVJBPAILUYOhjZC0G5tOOSSgeCfs1o4IBQlpA==",
      "dependencies": {
        "oauth4webapi": "^2.6.0"
      },
      "engines": {
        "node": ">=18.0.0"
      },
      "peerDependencies": {
        "hono": ">=3.*"
      }
    },
    "node_modules/@panva/hkdf": {
      "version": "1.2.1",
      "resolved": "https://registry.npmjs.org/@panva/hkdf/-/hkdf-1.2.1.tgz",
      "integrity": "sha512-6oclG6Y3PiDFcoyk8srjLfVKyMfVCKJ27JwNPViuXziFpmdz+MZnZN/aKY0JGXgYuO/VghU0jcOAZgWXZ1Dmrw==",
      "funding": {
        "url": "https://github.com/sponsors/panva"
      }
    },
    "node_modules/@types/node": {
      "version": "20.17.6",
      "resolved": "https://registry.npmjs.org/@types/node/-/node-20.17.6.tgz",
      "integrity": "sha512-VEI7OdvK2wP7XHnsuXbAJnEpEkF6NjSN45QJlL4VGqZSXsnicpesdTWsg9RISeSdYd3yeRj/y3k5KGjUXYnFwQ==",
      "dev": true,
      "dependencies": {
        "undici-types": "~6.19.2"
      }
    },
    "node_modules/cookie": {
      "version": "1.0.1",
      "resolved": "https://registry.npmjs.org/cookie/-/cookie-1.0.1.tgz",
      "integrity": "sha512-Xd8lFX4LM9QEEwxQpF9J9NTUh8pmdJO0cyRJhFiDoLTk2eH8FXlRv2IFGYVadZpqI3j8fhNrSdKCeYPxiAhLXw==",
      "engines": {
        "node": ">=18"
      }
    },
    "node_modules/esbuild": {
      "version": "0.23.1",
      "resolved": "https://registry.npmjs.org/esbuild/-/esbuild-0.23.1.tgz",
      "integrity": "sha512-VVNz/9Sa0bs5SELtn3f7qhJCDPCF5oMEl5cO9/SSinpE9hbPVvxbd572HH5AKiP7WD8INO53GgfDDhRjkylHEg==",
      "dev": true,
      "hasInstallScript": true,
      "bin": {
        "esbuild": "bin/esbuild"
      },
      "engines": {
        "node": ">=18"
      },
      "optionalDependencies": {
        "@esbuild/aix-ppc64": "0.23.1",
        "@esbuild/android-arm": "0.23.1",
        "@esbuild/android-arm64": "0.23.1",
        "@esbuild/android-x64": "0.23.1",
        "@esbuild/darwin-arm64": "0.23.1",
        "@esbuild/darwin-x64": "0.23.1",
        "@esbuild/freebsd-arm64": "0.23.1",
        "@esbuild/freebsd-x64": "0.23.1",
        "@esbuild/linux-arm": "0.23.1",
        "@esbuild/linux-arm64": "0.23.1",
        "@esbuild/linux-ia32": "0.23.1",
        "@esbuild/linux-loong64": "0.23.1",
        "@esbuild/linux-mips64el": "0.23.1",
        "@esbuild/linux-ppc64": "0.23.1",
        "@esbuild/linux-riscv64": "0.23.1",
        "@esbuild/linux-s390x": "0.23.1",
        "@esbuild/linux-x64": "0.23.1",
        "@esbuild/netbsd-x64": "0.23.1",
        "@esbuild/openbsd-arm64": "0.23.1",
        "@esbuild/openbsd-x64": "0.23.1",
        "@esbuild/sunos-x64": "0.23.1",
        "@esbuild/win32-arm64": "0.23.1",
        "@esbuild/win32-ia32": "0.23.1",
        "@esbuild/win32-x64": "0.23.1"
      }
    },
    "node_modules/fsevents": {
      "version": "2.3.3",
      "resolved": "https://registry.npmjs.org/fsevents/-/fsevents-2.3.3.tgz",
      "integrity": "sha512-5xoDfX+fL7faATnagmWPpbFtwh/R77WmMMqqHGS65C3vvB0YHrgF+B1YmZ3441tMj5n63k0212XNoJwzlhffQw==",
      "dev": true,
      "hasInstallScript": true,
      "optional": true,
      "os": [
        "darwin"
      ],
      "engines": {
        "node": "^8.16.0 || ^10.6.0 || >=11.0.0"
      }
    },
    "node_modules/get-tsconfig": {
      "version": "4.8.1",
      "resolved": "https://registry.npmjs.org/get-tsconfig/-/get-tsconfig-4.8.1.tgz",
      "integrity": "sha512-k9PN+cFBmaLWtVz29SkUoqU5O0slLuHJXt/2P+tMVFT+phsSGXGkp9t3rQIqdz0e+06EHNGs3oM6ZX1s2zHxRg==",
      "dev": true,
      "dependencies": {
        "resolve-pkg-maps": "^1.0.0"
      },
      "funding": {
        "url": "https://github.com/privatenumber/get-tsconfig?sponsor=1"
      }
    },
    "node_modules/hono": {
      "version": "4.6.9",
      "resolved": "https://registry.npmjs.org/hono/-/hono-4.6.9.tgz",
      "integrity": "sha512-p/pN5yZLuZaHzyAOT2nw2/Ud6HhJHYmDNGH6Ck1OWBhPMVeM1r74jbCRwNi0gyFRjjbsGgoHbOyj7mT1PDNbTw==",
      "engines": {
        "node": ">=16.9.0"
      }
    },
    "node_modules/hono-sessions": {
      "version": "0.7.0",
      "resolved": "https://registry.npmjs.org/hono-sessions/-/hono-sessions-0.7.0.tgz",
      "integrity": "sha512-bclJUXaBq66R7jEjccqs/tc9WPJiS/wbWV5rrSMuYkTTCRF24wUi2nHjIummb7yzSpkT3GqLRifZkvNbzSMTzg==",
      "dependencies": {
        "hono": "^4.0.0",
        "iron-webcrypto": "0.10.1"
      }
    },
    "node_modules/hono-sessions/node_modules/iron-webcrypto": {
      "version": "0.10.1",
      "resolved": "https://registry.npmjs.org/iron-webcrypto/-/iron-webcrypto-0.10.1.tgz",
      "integrity": "sha512-QGOS8MRMnj/UiOa+aMIgfyHcvkhqNUsUxb1XzskENvbo+rEfp6TOwqd1KPuDzXC4OnGHcMSVxDGRoilqB8ViqA==",
      "funding": {
        "url": "https://github.com/sponsors/brc-dd"
      }
    },
    "node_modules/iron-webcrypto": {
      "version": "1.2.1",
      "resolved": "https://registry.npmjs.org/iron-webcrypto/-/iron-webcrypto-1.2.1.tgz",
      "integrity": "sha512-feOM6FaSr6rEABp/eDfVseKyTMDt+KGpeB35SkVn9Tyn0CqvVsY3EwI0v5i8nMHyJnzCIQf7nsy3p41TPkJZhg==",
      "funding": {
        "url": "https://github.com/sponsors/brc-dd"
      }
    },
    "node_modules/jose": {
      "version": "5.9.6",
      "resolved": "https://registry.npmjs.org/jose/-/jose-5.9.6.tgz",
      "integrity": "sha512-AMlnetc9+CV9asI19zHmrgS/WYsWUwCn2R7RzlbJWD7F9eWYUTGyBmU9o6PxngtLGOiDGPRu+Uc4fhKzbpteZQ==",
      "funding": {
        "url": "https://github.com/sponsors/panva"
      }
    },
    "node_modules/js-tokens": {
      "version": "4.0.0",
      "resolved": "https://registry.npmjs.org/js-tokens/-/js-tokens-4.0.0.tgz",
      "integrity": "sha512-RdJUflcE3cUzKiMqQgsCu06FPu9UdIJO0beYbPhHN4k6apgJtifcoCtT9bcxOpYBtpD2kCM6Sbzg4CausW/PKQ==",
      "peer": true
    },
    "node_modules/loose-envify": {
      "version": "1.4.0",
      "resolved": "https://registry.npmjs.org/loose-envify/-/loose-envify-1.4.0.tgz",
      "integrity": "sha512-lyuxPGr/Wfhrlem2CL/UcnUc1zcqKAImBDzukY7Y5F/yQiNdko6+fRLevlw1HgMySw7f611UIY408EtxRSoK3Q==",
      "peer": true,
      "dependencies": {
        "js-tokens": "^3.0.0 || ^4.0.0"
      },
      "bin": {
        "loose-envify": "cli.js"
      }
    },
    "node_modules/oauth4webapi": {
      "version": "2.17.0",
      "resolved": "https://registry.npmjs.org/oauth4webapi/-/oauth4webapi-2.17.0.tgz",
      "integrity": "sha512-lbC0Z7uzAFNFyzEYRIC+pkSVvDHJTbEW+dYlSBAlCYDe6RxUkJ26bClhk8ocBZip1wfI9uKTe0fm4Ib4RHn6uQ==",
      "funding": {
        "url": "https://github.com/sponsors/panva"
      }
    },
    "node_modules/preact": {
      "version": "10.24.3",
      "resolved": "https://registry.npmjs.org/preact/-/preact-10.24.3.tgz",
      "integrity": "sha512-Z2dPnBnMUfyQfSQ+GBdsGa16hz35YmLmtTLhM169uW944hYL6xzTYkJjC07j+Wosz733pMWx0fgON3JNw1jJQA==",
      "funding": {
        "type": "opencollective",
        "url": "https://opencollective.com/preact"
      }
    },
    "node_modules/preact-render-to-string": {
      "version": "6.5.11",
      "resolved": "https://registry.npmjs.org/preact-render-to-string/-/preact-render-to-string-6.5.11.tgz",
      "integrity": "sha512-ubnauqoGczeGISiOh6RjX0/cdaF8v/oDXIjO85XALCQjwQP+SB4RDXXtvZ6yTYSjG+PC1QRP2AhPgCEsM2EvUw==",
      "peerDependencies": {
        "preact": ">=10"
      }
    },
    "node_modules/react": {
      "version": "18.3.1",
      "resolved": "https://registry.npmjs.org/react/-/react-18.3.1.tgz",
      "integrity": "sha512-wS+hAgJShR0KhEvPJArfuPVN1+Hz1t0Y6n5jLrGQbkb4urgPE/0Rve+1kMB1v/oWgHgm4WIcV+i7F2pTVj+2iQ==",
      "peer": true,
      "dependencies": {
        "loose-envify": "^1.1.0"
      },
      "engines": {
        "node": ">=0.10.0"
      }
    },
    "node_modules/resolve-pkg-maps": {
      "version": "1.0.0",
      "resolved": "https://registry.npmjs.org/resolve-pkg-maps/-/resolve-pkg-maps-1.0.0.tgz",
      "integrity": "sha512-seS2Tj26TBVOC2NIc2rOe2y2ZO7efxITtLZcGSOnHHNOQ7CkiUBfw0Iw2ck6xkIhPwLhKNLS8BO+hEpngQlqzw==",
      "dev": true,
      "funding": {
        "url": "https://github.com/privatenumber/resolve-pkg-maps?sponsor=1"
      }
    },
    "node_modules/tsx": {
      "version": "4.19.2",
      "resolved": "https://registry.npmjs.org/tsx/-/tsx-4.19.2.tgz",
      "integrity": "sha512-pOUl6Vo2LUq/bSa8S5q7b91cgNSjctn9ugq/+Mvow99qW6x/UZYwzxy/3NmqoT66eHYfCVvFvACC58UBPFf28g==",
      "dev": true,
      "dependencies": {
        "esbuild": "~0.23.0",
        "get-tsconfig": "^4.7.5"
      },
      "bin": {
        "tsx": "dist/cli.mjs"
      },
      "engines": {
        "node": ">=18.0.0"
      },
      "optionalDependencies": {
        "fsevents": "~2.3.3"
      }
    },
    "node_modules/undici-types": {
      "version": "6.19.8",
      "resolved": "https://registry.npmjs.org/undici-types/-/undici-types-6.19.8.tgz",
      "integrity": "sha512-ve2KP6f/JnbPBFyobGHuerC9g1FYGn/F8n1LWTwNxCEzd6IfqTwUQcNXgEtmmQ6DlRrC1hrSrBnCZPokRrDHjw==",
      "dev": true
    }
  }
}
